Microsoft Visual Studio Solution File, Format Version 8.00
Project("{8BC9CEB8-8B4A-11D0-8D11-00A0C91BC942}") = "xdvdfs_extract", "xdvdfs_extract.vcproj", "{28247DD9-5231-40B7-A024-FE0B3208E907}"
	ProjectSection(ProjectDependencies) = postProject
	EndProjectSection
EndProject
Global
	GlobalSection(SolutionConfiguration) = preSolution
		Debug = Debug
		Release = Release
	EndGlobalSection
	GlobalSection(ProjectConfiguration) = postSolution
		{28247DD9-5231-40B7-A024-FE0B3208E907}.Debug.ActiveCfg = Debug|Win32
		{28247DD9-5231-40B7-A024-FE0B3208E907}.Debug.Build.0 = Debug|Win32
		{28247DD9-5231-40B7-A024-FE0B3208E907}.Release.ActiveCfg = Release|Win32
		{28247DD9-5231-40B7-A024-FE0B3208E907}.Release.Build.0 = Release|Win32
	EndGlobalSection
	GlobalSection(ExtensibilityGlobals) = postSolution
	EndGlobalSection
	GlobalSection(ExtensibilityAddIns) = postSolution
	EndGlobalSection
EndGlobal
